# generated by rye
# use `rye lock` or `rye sync` to update this lockfile
#
# last locked with the following flags:
#   pre: false
#   features: []
#   all-features: false
#   with-sources: false

-e file:.
aiohappyeyeballs==2.4.4
    # via aiohttp
aiohttp==3.11.10
    # via datasets
    # via fsspec
    # via instructor
    # via litellm
aiosignal==1.3.2
    # via aiohttp
alembic==1.14.0
    # via optuna
annotated-types==0.7.0
    # via pydantic
anthropic==0.40.0
anyio==4.7.0
    # via anthropic
    # via asyncer
    # via dspy
    # via httpx
    # via openai
    # via starlette
    # via watchfiles
apscheduler==3.11.0
    # via litellm
asttokens==3.0.0
    # via stack-data
asyncer==0.0.8
    # via dspy
    # via hypellm
attrs==24.2.0
    # via aiohttp
    # via hypothesis
    # via jsonschema
    # via referencing
backoff==2.2.1
    # via dspy
    # via litellm
cachetools==5.5.0
    # via dspy
    # via tox
certifi==2024.8.30
    # via httpcore
    # via httpx
    # via requests
cffi==1.17.1
    # via cryptography
    # via pynacl
chardet==5.2.0
    # via tox
charset-normalizer==3.4.0
    # via requests
click==8.1.7
    # via litellm
    # via rich-toolkit
    # via rq
    # via typer
    # via uvicorn
cloudpickle==3.1.0
    # via dspy
colorama==0.4.6
    # via tox
colorlog==6.9.0
    # via optuna
cryptography==42.0.8
    # via litellm
datasets==3.2.0
    # via dspy
decorator==5.1.1
    # via ipdb
    # via ipython
dill==0.3.8
    # via datasets
    # via multiprocess
diskcache==5.6.3
    # via dspy
distlib==0.3.9
    # via virtualenv
distro==1.9.0
    # via anthropic
    # via openai
dnspython==2.7.0
    # via email-validator
docstring-parser==0.16
    # via instructor
dspy==2.5.43
email-validator==2.2.0
    # via fastapi
    # via pydantic
executing==2.1.0
    # via stack-data
fastapi==0.111.1
    # via fastapi-sso
    # via litellm
fastapi-cli==0.0.7
    # via fastapi
fastapi-sso==0.10.0
    # via litellm
filelock==3.16.1
    # via datasets
    # via huggingface-hub
    # via tox
    # via virtualenv
frozenlist==1.5.0
    # via aiohttp
    # via aiosignal
fsspec==2024.9.0
    # via datasets
    # via huggingface-hub
greenlet==3.1.1
    # via sqlalchemy
gunicorn==22.0.0
    # via litellm
h11==0.14.0
    # via httpcore
    # via uvicorn
httpcore==1.0.7
    # via httpx
httptools==0.6.4
    # via uvicorn
httpx==0.27.2
    # via anthropic
    # via dspy
    # via fastapi
    # via fastapi-sso
    # via litellm
    # via openai
huggingface-hub==0.26.5
    # via datasets
    # via tokenizers
hypothesis==6.122.3
idna==3.10
    # via anyio
    # via email-validator
    # via httpx
    # via requests
    # via yarl
importlib-metadata==8.5.0
    # via litellm
iniconfig==2.0.0
    # via pytest
instructor==1.7.0
ipdb==0.13.13
ipython==8.30.0
    # via ipdb
jedi==0.19.2
    # via ipython
jinja2==3.1.4
    # via dspy
    # via fastapi
    # via instructor
    # via litellm
jiter==0.6.1
    # via anthropic
    # via instructor
    # via openai
joblib==1.4.2
    # via dspy
json-repair==0.31.0
    # via dspy
jsonschema==4.23.0
    # via litellm
jsonschema-specifications==2024.10.1
    # via jsonschema
litellm==1.53.7
    # via dspy
magicattr==0.1.6
    # via dspy
mako==1.3.8
    # via alembic
markdown-it-py==3.0.0
    # via rich
markupsafe==3.0.2
    # via jinja2
    # via mako
matplotlib-inline==0.1.7
    # via ipython
mdurl==0.1.2
    # via markdown-it-py
multidict==6.1.0
    # via aiohttp
    # via yarl
multiprocess==0.70.16
    # via datasets
numpy==2.2.0
    # via datasets
    # via optuna
    # via pandas
oauthlib==3.2.2
    # via fastapi-sso
openai==1.57.4
    # via dspy
    # via instructor
    # via litellm
optuna==4.1.0
    # via dspy
orjson==3.10.12
    # via litellm
packaging==24.2
    # via datasets
    # via gunicorn
    # via huggingface-hub
    # via optuna
    # via pyproject-api
    # via pytest
    # via tox
pandas==2.2.3
    # via datasets
    # via dspy
parso==0.8.4
    # via jedi
pexpect==4.9.0
    # via ipython
platformdirs==4.3.6
    # via tox
    # via virtualenv
pluggy==1.5.0
    # via pytest
    # via tox
prompt-toolkit==3.0.48
    # via ipython
propcache==0.2.1
    # via aiohttp
    # via yarl
ptyprocess==0.7.0
    # via pexpect
pure-eval==0.2.3
    # via stack-data
pyarrow==18.1.0
    # via datasets
pycparser==2.22
    # via cffi
pydantic==2.10.3
    # via anthropic
    # via dspy
    # via fastapi
    # via fastapi-sso
    # via hypellm
    # via instructor
    # via litellm
    # via openai
    # via pydantic-settings
pydantic-core==2.27.1
    # via instructor
    # via pydantic
pydantic-settings==2.7.0
    # via hypellm
pygments==2.18.0
    # via ipython
    # via rich
pyjwt==2.10.1
    # via litellm
pynacl==1.5.0
    # via litellm
pyproject-api==1.8.0
    # via tox
pytest==8.3.4
    # via pytest-asyncio
pytest-asyncio==0.25.0
python-dateutil==2.9.0.post0
    # via pandas
python-dotenv==1.0.1
    # via litellm
    # via pydantic-settings
    # via uvicorn
python-multipart==0.0.9
    # via fastapi
    # via litellm
pytz==2024.2
    # via pandas
pyyaml==6.0.2
    # via datasets
    # via huggingface-hub
    # via litellm
    # via optuna
    # via uvicorn
redis==5.2.1
    # via rq
referencing==0.35.1
    # via jsonschema
    # via jsonschema-specifications
regex==2024.11.6
    # via dspy
    # via tiktoken
requests==2.32.3
    # via datasets
    # via dspy
    # via huggingface-hub
    # via instructor
    # via litellm
    # via tiktoken
rich==13.9.4
    # via instructor
    # via rich-toolkit
    # via typer
rich-toolkit==0.12.0
    # via fastapi-cli
rpds-py==0.22.3
    # via jsonschema
    # via referencing
rq==2.0.0
    # via litellm
ruff==0.8.3
shellingham==1.5.4
    # via typer
six==1.17.0
    # via python-dateutil
sniffio==1.3.1
    # via anthropic
    # via anyio
    # via httpx
    # via openai
sortedcontainers==2.4.0
    # via hypothesis
sqlalchemy==2.0.36
    # via alembic
    # via optuna
stack-data==0.6.3
    # via ipython
starlette==0.37.2
    # via fastapi
tenacity==9.0.0
    # via dspy
    # via instructor
tiktoken==0.8.0
    # via litellm
tokenizers==0.21.0
    # via litellm
tox==4.23.2
tqdm==4.67.1
    # via datasets
    # via dspy
    # via huggingface-hub
    # via openai
    # via optuna
traitlets==5.14.3
    # via ipython
    # via matplotlib-inline
typer==0.15.1
    # via fastapi-cli
    # via instructor
typing-extensions==4.12.2
    # via alembic
    # via anthropic
    # via anyio
    # via fastapi
    # via huggingface-hub
    # via openai
    # via pydantic
    # via pydantic-core
    # via rich-toolkit
    # via sqlalchemy
    # via typer
tzdata==2024.2
    # via pandas
tzlocal==5.2
    # via apscheduler
ujson==5.10.0
    # via dspy
urllib3==2.2.3
    # via requests
uvicorn==0.22.0
    # via fastapi
    # via fastapi-cli
    # via litellm
uvloop==0.21.0
    # via uvicorn
virtualenv==20.28.0
    # via tox
watchfiles==1.0.3
    # via uvicorn
wcwidth==0.2.13
    # via prompt-toolkit
websockets==14.1
    # via uvicorn
xxhash==3.5.0
    # via datasets
yarl==1.18.3
    # via aiohttp
zipp==3.21.0
    # via importlib-metadata
